dependencies:
- name: postgres-operator
  repository: https://opensource.zalando.com/postgres-operator/charts/postgres-operator
  version: 1.14.0
- name: ingress-nginx
  repository: https://kubernetes.github.io/ingress-nginx
  version: 4.13.0
- name: nats
  repository: https://nats-io.github.io/k8s/helm/charts/
  version: 1.3.10
- name: external-dns
  repository: oci://registry-1.docker.io/bitnamicharts
  version: 9.0.0
- name: mysql-operator
  repository: https://mysql.github.io/mysql-operator/
  version: 2.2.6
- name: mysql-innodbcluster
  repository: https://mysql.github.io/mysql-operator/
  version: 2.2.6
- name: ccx-monitoring
  repository: https://severalnines.github.io/helm-charts/
  version: 0.6.1
- name: keycloak
  repository: oci://registry-1.docker.io/bitnamicharts
  version: 24.8.1
digest: sha256:a3f7130f50243d873fa17ab6018f88fbb28263645de945a1f1bebc92c1ef427a
generated: "2025-11-21T12:15:35.430264819+01:00"
