dependencies:
- name: mysql-operator
  repository: oci://europe-docker.pkg.dev/severalnines-public/clustercontrol/helm-charts
  version: 2.0.21
- name: mysql-innodbcluster
  repository: oci://europe-docker.pkg.dev/severalnines-public/clustercontrol/helm-charts
  version: 2.0.21
- name: victoria-metrics-single
  repository: oci://europe-docker.pkg.dev/severalnines-public/clustercontrol/helm-charts
  version: 0.9.16
- name: ingress-nginx
  repository: oci://europe-docker.pkg.dev/severalnines-public/clustercontrol/helm-charts
  version: 4.11.8
digest: sha256:891e05488fe0ae4e7822c2a22d3fc156f3d1c4b5f16f22a2fa89ae1e9fe4bc93
generated: "2026-06-10T15:28:40.059670166+08:00"
